
Microsoft Visual Studio Solution File, Format Version 12.00
# Visual Studio Version 17
VisualStudioVersion = 17.7.34009.444
MinimumVisualStudioVersion = 10.0.40219.1
Project("{FAE04EC0-301F-11D3-BF4B-00C04F79EFBC}") = "Ejemplo2_Tarea", "Ejemplo2_Tarea.csproj", "{29FEBC87-28E6-40DB-AAF2-F50B111131EB}"
EndProject
Global
	GlobalSection(SolutionConfigurationPlatforms) = preSolution
		Debug|Any CPU = Debug|Any CPU
		Release|Any CPU = Release|Any CPU
	EndGlobalSection
	GlobalSection(ProjectConfigurationPlatforms) = postSolution
		{29FEBC87-28E6-40DB-AAF2-F50B111131EB}.Debug|Any CPU.ActiveCfg = Debug|Any CPU
		{29FEBC87-28E6-40DB-AAF2-F50B111131EB}.Debug|Any CPU.Build.0 = Debug|Any CPU
		{29FEBC87-28E6-40DB-AAF2-F50B111131EB}.Release|Any CPU.ActiveCfg = Release|Any CPU
		{29FEBC87-28E6-40DB-AAF2-F50B111131EB}.Release|Any CPU.Build.0 = Release|Any CPU
	EndGlobalSection
	GlobalSection(SolutionProperties) = preSolution
		HideSolutionNode = FALSE
	EndGlobalSection
	GlobalSection(ExtensibilityGlobals) = postSolution
		SolutionGuid = {868A83AD-C6A5-4128-B6D2-AF633852D807}
	EndGlobalSection
EndGlobal
